# pin async-global-executor to 2.0.4 for 1.53 support.
version = 3

[[package]]
name = "async-global-executor"
version = "2.0.4"
source = "registry+https://github.com/rust-lang/crates.io-index"
checksum = "c290043c9a95b05d45e952fb6383c67bcb61471f60cfa21e890dba6654234f43"
dependencies = [
 "async-channel",
 "async-executor",
 "async-io",
 "async-mutex",
 "blocking",
 "futures-lite",
 "num_cpus",
 "once_cell",
]
