version = 3

# pin async-global-executor to 2.0.4 for 1.53..<1.59 support.
[[package]]
name = "async-global-executor"
version = "2.0.4"
source = "registry+https://github.com/rust-lang/crates.io-index"
checksum = "c290043c9a95b05d45e952fb6383c67bcb61471f60cfa21e890dba6654234f43"
dependencies = [
 "async-channel",
 "async-executor",
 "async-io",
 "async-mutex",
 "blocking",
 "futures-lite",
 "num_cpus",
 "once_cell",
]

# pin indexmap to 1.8.2 for 1.53..<1.56 support.
[[package]]
name = "indexmap"
version = "1.8.2"
source = "registry+https://github.com/rust-lang/crates.io-index"
checksum = "e6012d540c5baa3589337a98ce73408de9b5a25ec9fc2c6fd6be8f0d39e0ca5a"
dependencies = [
 "autocfg",
 "hashbrown",
]
